{
  "lockfileVersion": 1,
  "workspaces": {
    "": {
      "name": "kikoeru-tauri",
      "dependencies": {
        "@tauri-apps/plugin-http": "~2",
        "@tauri-apps/plugin-shell": "~2",
      },
      "devDependencies": {
        "@tauri-apps/cli": "^2",
      },
    },
  },
  "packages": {
    "@tauri-apps/api": ["@tauri-apps/api@2.8.0", "", {}, "sha512-ga7zdhbS2GXOMTIZRT0mYjKJtR9fivsXzsyq5U3vjDL0s6DTMwYRm0UHNjzTY5dh4+LSC68Sm/7WEiimbQNYlw=="],

    "@tauri-apps/cli": ["@tauri-apps/cli@2.8.3", "", { "optionalDependencies": { "@tauri-apps/cli-darwin-arm64": "2.8.3", "@tauri-apps/cli-darwin-x64": "2.8.3", "@tauri-apps/cli-linux-arm-gnueabihf": "2.8.3", "@tauri-apps/cli-linux-arm64-gnu": "2.8.3", "@tauri-apps/cli-linux-arm64-musl": "2.8.3", "@tauri-apps/cli-linux-riscv64-gnu": "2.8.3", "@tauri-apps/cli-linux-x64-gnu": "2.8.3", "@tauri-apps/cli-linux-x64-musl": "2.8.3", "@tauri-apps/cli-win32-arm64-msvc": "2.8.3", "@tauri-apps/cli-win32-ia32-msvc": "2.8.3", "@tauri-apps/cli-win32-x64-msvc": "2.8.3" }, "bin": { "tauri": "tauri.js" } }, "sha512-5IlcOtVBI6HYcTRFH4tuLZV+FX09Psi4Xi+TyFf/S8T8w+ZzPNnrehHz6KUGRbuXHfJhtmRDoUULXNEhpdVkfA=="],

    "@tauri-apps/cli-darwin-arm64": ["@tauri-apps/cli-darwin-arm64@2.8.3", "", { "os": "darwin", "cpu": "arm64" }, "sha512-+X/DjTlH9ZLT9kWrU+Mk9TSu8vVpv30GgfAOKUxlCQobaRSOzN0cxgZfRcgWaDLu80/gWsJ7Ktk9jLfJ9h9CVA=="],

    "@tauri-apps/cli-darwin-x64": ["@tauri-apps/cli-darwin-x64@2.8.3", "", { "os": "darwin", "cpu": "x64" }, "sha512-Bs+DK+gGinSj373DEeAuZMUrvTE1m7X5Ef2jC2lU2X8ZhQf4VBV+gNMRoOlSuwIlSTU2eKDQsExtKeFFSpbc8A=="],

    "@tauri-apps/cli-linux-arm-gnueabihf": ["@tauri-apps/cli-linux-arm-gnueabihf@2.8.3", "", { "os": "linux", "cpu": "arm" }, "sha512-9pri7KWES6x0M0DWCr5RIsGtXD4yy83Zsf8xuSmn8z6xboFquSnfJZmFsfPz25G8awLFIhxUkxP0YtZGiIUy7g=="],

    "@tauri-apps/cli-linux-arm64-gnu": ["@tauri-apps/cli-linux-arm64-gnu@2.8.3", "", { "os": "linux", "cpu": "arm64" }, "sha512-2+qRdUgnFJ7pDW69dFZxYduWEZPya3U2YA6GaDhrYTHBq8/ypPSpuUT+BZ6n9r68+ij7tFMTj+vwNDgNp3M/0w=="],

    "@tauri-apps/cli-linux-arm64-musl": ["@tauri-apps/cli-linux-arm64-musl@2.8.3", "", { "os": "linux", "cpu": "arm64" }, "sha512-DJHW1vcqmLMqZCBiu9qv7/oYAygNC6xvrxwrUWvWMvaz/qKNy9NVXZm/EUx+sLTCcOxWHyJe+CII1kW3ouI18Q=="],

    "@tauri-apps/cli-linux-riscv64-gnu": ["@tauri-apps/cli-linux-riscv64-gnu@2.8.3", "", { "os": "linux", "cpu": "none" }, "sha512-+CbLaQXAqd5lPJnfXGyitbgp/q5mnsvCoToGspeVMBYNGd04ES/6XDEcXH7EwNCTgXBTJVRYf3qhI8a8/x31Aw=="],

    "@tauri-apps/cli-linux-x64-gnu": ["@tauri-apps/cli-linux-x64-gnu@2.8.3", "", { "os": "linux", "cpu": "x64" }, "sha512-FGjLnA+3PTJwoN5KEMAi6Q8I6SkuW5w8qSFKldGx2Mma8GqtttXqIDw1BzxcIw/LMcr6JrxjbIRULzmV05q/QA=="],

    "@tauri-apps/cli-linux-x64-musl": ["@tauri-apps/cli-linux-x64-musl@2.8.3", "", { "os": "linux", "cpu": "x64" }, "sha512-tWRX3rQJCeUq9mR0Rc0tUV+pdgGL94UqVIzPn0/VmhDehdiDouRdXOUPggJrYUz2Aj/4RvVa83J6B8Hg37s8RQ=="],

    "@tauri-apps/cli-win32-arm64-msvc": ["@tauri-apps/cli-win32-arm64-msvc@2.8.3", "", { "os": "win32", "cpu": "arm64" }, "sha512-UQHDmbSMIeWs/Yr3KmtfZFs5m6b+NWUe2+NE7fHu3o4EzPrvNa/Uf4U2XsYKOr0V/yetxZH0/fc+xovcnsqyqA=="],

    "@tauri-apps/cli-win32-ia32-msvc": ["@tauri-apps/cli-win32-ia32-msvc@2.8.3", "", { "os": "win32", "cpu": "ia32" }, "sha512-aIP38i2KeADboPD1wsBFYdodEQ9PIJe0HW2urd3ocHpGxF8gX/KMiGOwGVSobu9gFlCpFNoVwCX6J1S5pJCRIQ=="],

    "@tauri-apps/cli-win32-x64-msvc": ["@tauri-apps/cli-win32-x64-msvc@2.8.3", "", { "os": "win32", "cpu": "x64" }, "sha512-Z+H+PwK+3yMffG1rN7iqs+uPo6FkPyHJ4MTtFhnEvvGzc3aH711bwFb6+PXwMXfOb/jPR/LB+o6kEXghBu9ynQ=="],

    "@tauri-apps/plugin-http": ["@tauri-apps/plugin-http@2.5.2", "", { "dependencies": { "@tauri-apps/api": "^2.8.0" } }, "sha512-x1mQKHSLDk4mS2S938OTeyk8L7QyLpCrKZCZcjkljGsvTvRMojCvI9SeJ1kaxc7t8xSilkC7WdId8xER9TIGLg=="],

    "@tauri-apps/plugin-shell": ["@tauri-apps/plugin-shell@2.3.1", "", { "dependencies": { "@tauri-apps/api": "^2.8.0" } }, "sha512-jjs2WGDO/9z2pjNlydY/F5yYhNsscv99K5lCmU5uKjsVvQ3dRlDhhtVYoa4OLDmktLtQvgvbQjCFibMl6tgGfw=="],
  }
}
